// !$*UTF8*$!
{
	archiveVersion = 1;
	classes = {
	};
	objectVersion = 56;
	objects = {

/* Begin PBXBuildFile section */
		831707802B09BE0900FBB2DA /* ListingSpaceDetails.swift in Sources */ = {isa = PBXBuildFile; fileRef = 8317077F2B09BE0900FBB2DA /* ListingSpaceDetails.swift */; };
		831707822B09F3FC00FBB2DA /* ListingBedRoomView.swift in Sources */ = {isa = PBXBuildFile; fileRef = 831707812B09F3FC00FBB2DA /* ListingBedRoomView.swift */; };
		831707842B09F53100FBB2DA /* BedroomView.swift in Sources */ = {isa = PBXBuildFile; fileRef = 831707832B09F53100FBB2DA /* BedroomView.swift */; };
		833AC32F2B085B9900015224 /* AirBnbCloneApp.swift in Sources */ = {isa = PBXBuildFile; fileRef = 833AC32E2B085B9900015224 /* AirBnbCloneApp.swift */; };
		833AC3312B085B9900015224 /* ContentView.swift in Sources */ = {isa = PBXBuildFile; fileRef = 833AC3302B085B9900015224 /* ContentView.swift */; };
		833AC3332B085B9B00015224 /* Assets.xcassets in Resources */ = {isa = PBXBuildFile; fileRef = 833AC3322B085B9B00015224 /* Assets.xcassets */; };
		833AC3362B085B9B00015224 /* Preview Assets.xcassets in Resources */ = {isa = PBXBuildFile; fileRef = 833AC3352B085B9B00015224 /* Preview Assets.xcassets */; };
		833AC3492B085D0C00015224 /* ExploreView.swift in Sources */ = {isa = PBXBuildFile; fileRef = 833AC3482B085D0C00015224 /* ExploreView.swift */; };
		833AC34B2B085E1000015224 /* ListingItemView.swift in Sources */ = {isa = PBXBuildFile; fileRef = 833AC34A2B085E1000015224 /* ListingItemView.swift */; };
		833AC34E2B09788F00015224 /* SearchFilterBar.swift in Sources */ = {isa = PBXBuildFile; fileRef = 833AC34D2B09788F00015224 /* SearchFilterBar.swift */; };
		833AC3502B097EAB00015224 /* ListingDetailView.swift in Sources */ = {isa = PBXBuildFile; fileRef = 833AC34F2B097EAB00015224 /* ListingDetailView.swift */; };
		833AC3532B097FE000015224 /* ListingImageView.swift in Sources */ = {isa = PBXBuildFile; fileRef = 833AC3522B097FE000015224 /* ListingImageView.swift */; };
		83677B792B0BA48500971414 /* ProfileView.swift in Sources */ = {isa = PBXBuildFile; fileRef = 83677B782B0BA48500971414 /* ProfileView.swift */; };
		83677B7B2B0BA49900971414 /* Wishlist.swift in Sources */ = {isa = PBXBuildFile; fileRef = 83677B7A2B0BA49900971414 /* Wishlist.swift */; };
		83677B7E2B0BA4C700971414 /* InboxView.swift in Sources */ = {isa = PBXBuildFile; fileRef = 83677B7D2B0BA4C700971414 /* InboxView.swift */; };
		83677B812B0BA54D00971414 /* TripsView.swift in Sources */ = {isa = PBXBuildFile; fileRef = 83677B802B0BA54D00971414 /* TripsView.swift */; };
		83677B832B0BA58D00971414 /* TabbarView.swift in Sources */ = {isa = PBXBuildFile; fileRef = 83677B822B0BA58D00971414 /* TabbarView.swift */; };
		83677B852B0C45D800971414 /* TestView.swift in Sources */ = {isa = PBXBuildFile; fileRef = 83677B842B0C45D800971414 /* TestView.swift */; };
		83677B872B0C5B2D00971414 /* ListingDetailContentView.swift in Sources */ = {isa = PBXBuildFile; fileRef = 83677B862B0C5B2D00971414 /* ListingDetailContentView.swift */; };
		838993062B0D7412007379A2 /* DestinationSearchView.swift in Sources */ = {isa = PBXBuildFile; fileRef = 838993052B0D7412007379A2 /* DestinationSearchView.swift */; };
/* End PBXBuildFile section */

/* Begin PBXFileReference section */
		8317077F2B09BE0900FBB2DA /* ListingSpaceDetails.swift */ = {isa = PBXFileReference; lastKnownFileType = sourcecode.swift; path = ListingSpaceDetails.swift; sourceTree = "<group>"; };
		831707812B09F3FC00FBB2DA /* ListingBedRoomView.swift */ = {isa = PBXFileReference; lastKnownFileType = sourcecode.swift; path = ListingBedRoomView.swift; sourceTree = "<group>"; };
		831707832B09F53100FBB2DA /* BedroomView.swift */ = {isa = PBXFileReference; lastKnownFileType = sourcecode.swift; path = BedroomView.swift; sourceTree = "<group>"; };
		833AC32B2B085B9900015224 /* AirBnbClone.app */ = {isa = PBXFileReference; explicitFileType = wrapper.application; includeInIndex = 0; path = AirBnbClone.app; sourceTree = BUILT_PRODUCTS_DIR; };
		833AC32E2B085B9900015224 /* AirBnbCloneApp.swift */ = {isa = PBXFileReference; lastKnownFileType = sourcecode.swift; name = AirBnbCloneApp.swift; path = ../AirBnbCloneApp.swift; sourceTree = "<group>"; };
		833AC3302B085B9900015224 /* ContentView.swift */ = {isa = PBXFileReference; lastKnownFileType = sourcecode.swift; path = ContentView.swift; sourceTree = "<group>"; };
		833AC3322B085B9B00015224 /* Assets.xcassets */ = {isa = PBXFileReference; lastKnownFileType = folder.assetcatalog; path = Assets.xcassets; sourceTree = "<group>"; };
		833AC3352B085B9B00015224 /* Preview Assets.xcassets */ = {isa = PBXFileReference; lastKnownFileType = folder.assetcatalog; path = "Preview Assets.xcassets"; sourceTree = "<group>"; };
		833AC3482B085D0C00015224 /* ExploreView.swift */ = {isa = PBXFileReference; lastKnownFileType = sourcecode.swift; path = ExploreView.swift; sourceTree = "<group>"; };
		833AC34A2B085E1000015224 /* ListingItemView.swift */ = {isa = PBXFileReference; lastKnownFileType = sourcecode.swift; path = ListingItemView.swift; sourceTree = "<group>"; };
		833AC34D2B09788F00015224 /* SearchFilterBar.swift */ = {isa = PBXFileReference; lastKnownFileType = sourcecode.swift; path = SearchFilterBar.swift; sourceTree = "<group>"; };
		833AC34F2B097EAB00015224 /* ListingDetailView.swift */ = {isa = PBXFileReference; lastKnownFileType = sourcecode.swift; path = ListingDetailView.swift; sourceTree = "<group>"; };
		833AC3522B097FE000015224 /* ListingImageView.swift */ = {isa = PBXFileReference; lastKnownFileType = sourcecode.swift; path = ListingImageView.swift; sourceTree = "<group>"; };
		83677B782B0BA48500971414 /* ProfileView.swift */ = {isa = PBXFileReference; lastKnownFileType = sourcecode.swift; path = ProfileView.swift; sourceTree = "<group>"; };
		83677B7A2B0BA49900971414 /* Wishlist.swift */ = {isa = PBXFileReference; lastKnownFileType = sourcecode.swift; path = Wishlist.swift; sourceTree = "<group>"; };
		83677B7D2B0BA4C700971414 /* InboxView.swift */ = {isa = PBXFileReference; lastKnownFileType = sourcecode.swift; path = InboxView.swift; sourceTree = "<group>"; };
		83677B802B0BA54D00971414 /* TripsView.swift */ = {isa = PBXFileReference; lastKnownFileType = sourcecode.swift; path = TripsView.swift; sourceTree = "<group>"; };
		83677B822B0BA58D00971414 /* TabbarView.swift */ = {isa = PBXFileReference; lastKnownFileType = sourcecode.swift; path = TabbarView.swift; sourceTree = "<group>"; };
		83677B842B0C45D800971414 /* TestView.swift */ = {isa = PBXFileReference; lastKnownFileType = sourcecode.swift; path = TestView.swift; sourceTree = "<group>"; };
		83677B862B0C5B2D00971414 /* ListingDetailContentView.swift */ = {isa = PBXFileReference; lastKnownFileType = sourcecode.swift; path = ListingDetailContentView.swift; sourceTree = "<group>"; };
		838993052B0D7412007379A2 /* DestinationSearchView.swift */ = {isa = PBXFileReference; lastKnownFileType = sourcecode.swift; path = DestinationSearchView.swift; sourceTree = "<group>"; };
/* End PBXFileReference section */

/* Begin PBXFrameworksBuildPhase section */
		833AC3282B085B9900015224 /* Frameworks */ = {
			isa = PBXFrameworksBuildPhase;
			buildActionMask = 2147483647;
			files = (
			);
			runOnlyForDeploymentPostprocessing = 0;
		};
/* End PBXFrameworksBuildPhase section */

/* Begin PBXGroup section */
		833AC3222B085B9900015224 = {
			isa = PBXGroup;
			children = (
				833AC32D2B085B9900015224 /* AirBnbClone */,
				833AC32C2B085B9900015224 /* Products */,
			);
			sourceTree = "<group>";
		};
		833AC32C2B085B9900015224 /* Products */ = {
			isa = PBXGroup;
			children = (
				833AC32B2B085B9900015224 /* AirBnbClone.app */,
			);
			name = Products;
			sourceTree = "<group>";
		};
		833AC32D2B085B9900015224 /* AirBnbClone */ = {
			isa = PBXGroup;
			children = (
				833AC33C2B085BAF00015224 /* App */,
				833AC3322B085B9B00015224 /* Assets.xcassets */,
				833AC3302B085B9900015224 /* ContentView.swift */,
				833AC33E2B085BE100015224 /* Core */,
				833AC33D2B085BD700015224 /* Extensions */,
				833AC3402B085C1400015224 /* Models */,
				833AC3342B085B9B00015224 /* Preview Content */,
				833AC33F2B085BED00015224 /* Units */,
			);
			path = AirBnbClone;
			sourceTree = "<group>";
		};
		833AC3342B085B9B00015224 /* Preview Content */ = {
			isa = PBXGroup;
			children = (
				833AC3352B085B9B00015224 /* Preview Assets.xcassets */,
			);
			path = "Preview Content";
			sourceTree = "<group>";
		};
		833AC33C2B085BAF00015224 /* App */ = {
			isa = PBXGroup;
			children = (
				833AC32E2B085B9900015224 /* AirBnbCloneApp.swift */,
			);
			path = App;
			sourceTree = "<group>";
		};
		833AC33D2B085BD700015224 /* Extensions */ = {
			isa = PBXGroup;
			children = (
			);
			path = Extensions;
			sourceTree = "<group>";
		};
		833AC33E2B085BE100015224 /* Core */ = {
			isa = PBXGroup;
			children = (
				83677B7F2B0BA51A00971414 /* Trips */,
				83677B7C2B0BA4AD00971414 /* Inbox */,
				833AC3512B097F8400015224 /* Componets */,
				833AC3412B085C4700015224 /* Explore */,
				833AC3442B085C9E00015224 /* Listings */,
				833AC3432B085C9000015224 /* MapView */,
				833AC3422B085C6700015224 /* Profile */,
				833AC3452B085CB400015224 /* Root */,
				833AC3462B085CBD00015224 /* TabBar */,
				833AC3472B085CCB00015224 /* WishList */,
			);
			path = Core;
			sourceTree = "<group>";
		};
		833AC33F2B085BED00015224 /* Units */ = {
			isa = PBXGroup;
			children = (
			);
			path = Units;
			sourceTree = "<group>";
		};
		833AC3402B085C1400015224 /* Models */ = {
			isa = PBXGroup;
			children = (
			);
			path = Models;
			sourceTree = "<group>";
		};
		833AC3412B085C4700015224 /* Explore */ = {
			isa = PBXGroup;
			children = (
				833AC3482B085D0C00015224 /* ExploreView.swift */,
				833AC34D2B09788F00015224 /* SearchFilterBar.swift */,
				838993052B0D7412007379A2 /* DestinationSearchView.swift */,
			);
			path = Explore;
			sourceTree = "<group>";
		};
		833AC3422B085C6700015224 /* Profile */ = {
			isa = PBXGroup;
			children = (
				83677B782B0BA48500971414 /* ProfileView.swift */,
			);
			path = Profile;
			sourceTree = "<group>";
		};
		833AC3432B085C9000015224 /* MapView */ = {
			isa = PBXGroup;
			children = (
			);
			path = MapView;
			sourceTree = "<group>";
		};
		833AC3442B085C9E00015224 /* Listings */ = {
			isa = PBXGroup;
			children = (
				833AC34A2B085E1000015224 /* ListingItemView.swift */,
				833AC34F2B097EAB00015224 /* ListingDetailView.swift */,
				8317077F2B09BE0900FBB2DA /* ListingSpaceDetails.swift */,
				831707812B09F3FC00FBB2DA /* ListingBedRoomView.swift */,
				831707832B09F53100FBB2DA /* BedroomView.swift */,
			);
			path = Listings;
			sourceTree = "<group>";
		};
		833AC3452B085CB400015224 /* Root */ = {
			isa = PBXGroup;
			children = (
			);
			path = Root;
			sourceTree = "<group>";
		};
		833AC3462B085CBD00015224 /* TabBar */ = {
			isa = PBXGroup;
			children = (
				83677B822B0BA58D00971414 /* TabbarView.swift */,
			);
			path = TabBar;
			sourceTree = "<group>";
		};
		833AC3472B085CCB00015224 /* WishList */ = {
			isa = PBXGroup;
			children = (
				83677B7A2B0BA49900971414 /* Wishlist.swift */,
			);
			path = WishList;
			sourceTree = "<group>";
		};
		833AC3512B097F8400015224 /* Componets */ = {
			isa = PBXGroup;
			children = (
				833AC3522B097FE000015224 /* ListingImageView.swift */,
				83677B862B0C5B2D00971414 /* ListingDetailContentView.swift */,
			);
			path = Componets;
			sourceTree = "<group>";
		};
		83677B7C2B0BA4AD00971414 /* Inbox */ = {
			isa = PBXGroup;
			children = (
				83677B7D2B0BA4C700971414 /* InboxView.swift */,
			);
			path = Inbox;
			sourceTree = "<group>";
		};
		83677B7F2B0BA51A00971414 /* Trips */ = {
			isa = PBXGroup;
			children = (
				83677B802B0BA54D00971414 /* TripsView.swift */,
				83677B842B0C45D800971414 /* TestView.swift */,
			);
			path = Trips;
			sourceTree = "<group>";
		};
/* End PBXGroup section */

/* Begin PBXNativeTarget section */
		833AC32A2B085B9900015224 /* AirBnbClone */ = {
			isa = PBXNativeTarget;
			buildConfigurationList = 833AC3392B085B9B00015224 /* Build configuration list for PBXNativeTarget "AirBnbClone" */;
			buildPhases = (
				833AC3272B085B9900015224 /* Sources */,
				833AC3282B085B9900015224 /* Frameworks */,
				833AC3292B085B9900015224 /* Resources */,
			);
			buildRules = (
			);
			dependencies = (
			);
			name = AirBnbClone;
			productName = AirBnbClone;
			productReference = 833AC32B2B085B9900015224 /* AirBnbClone.app */;
			productType = "com.apple.product-type.application";
		};
/* End PBXNativeTarget section */

/* Begin PBXProject section */
		833AC3232B085B9900015224 /* Project object */ = {
			isa = PBXProject;
			attributes = {
				BuildIndependentTargetsInParallel = 1;
				LastSwiftUpdateCheck = 1430;
				LastUpgradeCheck = 1430;
				TargetAttributes = {
					833AC32A2B085B9900015224 = {
						CreatedOnToolsVersion = 14.3.1;
					};
				};
			};
			buildConfigurationList = 833AC3262B085B9900015224 /* Build configuration list for PBXProject "AirBnbClone" */;
			compatibilityVersion = "Xcode 14.0";
			developmentRegion = en;
			hasScannedForEncodings = 0;
			knownRegions = (
				en,
				Base,
			);
			mainGroup = 833AC3222B085B9900015224;
			productRefGroup = 833AC32C2B085B9900015224 /* Products */;
			projectDirPath = "";
			projectRoot = "";
			targets = (
				833AC32A2B085B9900015224 /* AirBnbClone */,
			);
		};
/* End PBXProject section */

/* Begin PBXResourcesBuildPhase section */
		833AC3292B085B9900015224 /* Resources */ = {
			isa = PBXResourcesBuildPhase;
			buildActionMask = 2147483647;
			files = (
				833AC3362B085B9B00015224 /* Preview Assets.xcassets in Resources */,
				833AC3332B085B9B00015224 /* Assets.xcassets in Resources */,
			);
			runOnlyForDeploymentPostprocessing = 0;
		};
/* End PBXResourcesBuildPhase section */

/* Begin PBXSourcesBuildPhase section */
		833AC3272B085B9900015224 /* Sources */ = {
			isa = PBXSourcesBuildPhase;
			buildActionMask = 2147483647;
			files = (
				831707802B09BE0900FBB2DA /* ListingSpaceDetails.swift in Sources */,
				833AC34B2B085E1000015224 /* ListingItemView.swift in Sources */,
				83677B7E2B0BA4C700971414 /* InboxView.swift in Sources */,
				83677B832B0BA58D00971414 /* TabbarView.swift in Sources */,
				83677B852B0C45D800971414 /* TestView.swift in Sources */,
				838993062B0D7412007379A2 /* DestinationSearchView.swift in Sources */,
				833AC3312B085B9900015224 /* ContentView.swift in Sources */,
				833AC3492B085D0C00015224 /* ExploreView.swift in Sources */,
				83677B7B2B0BA49900971414 /* Wishlist.swift in Sources */,
				833AC3532B097FE000015224 /* ListingImageView.swift in Sources */,
				83677B812B0BA54D00971414 /* TripsView.swift in Sources */,
				83677B872B0C5B2D00971414 /* ListingDetailContentView.swift in Sources */,
				831707822B09F3FC00FBB2DA /* ListingBedRoomView.swift in Sources */,
				833AC34E2B09788F00015224 /* SearchFilterBar.swift in Sources */,
				833AC3502B097EAB00015224 /* ListingDetailView.swift in Sources */,
				83677B792B0BA48500971414 /* ProfileView.swift in Sources */,
				833AC32F2B085B9900015224 /* AirBnbCloneApp.swift in Sources */,
				831707842B09F53100FBB2DA /* BedroomView.swift in Sources */,
			);
			runOnlyForDeploymentPostprocessing = 0;
		};
/* End PBXSourcesBuildPhase section */

/* Begin XCBuildConfiguration section */
		833AC3372B085B9B00015224 /* Debug */ = {
			isa = XCBuildConfiguration;
			buildSettings = {
				ALWAYS_SEARCH_USER_PATHS = NO;
				CLANG_ANALYZER_NONNULL = YES;
				CLANG_ANALYZER_NUMBER_OBJECT_CONVERSION = YES_AGGRESSIVE;
				CLANG_CXX_LANGUAGE_STANDARD = "gnu++20";
				CLANG_ENABLE_MODULES = YES;
				CLANG_ENABLE_OBJC_ARC = YES;
				CLANG_ENABLE_OBJC_WEAK = YES;
				CLANG_WARN_BLOCK_CAPTURE_AUTORELEASING = YES;
				CLANG_WARN_BOOL_CONVERSION = YES;
				CLANG_WARN_COMMA = YES;
				CLANG_WARN_CONSTANT_CONVERSION = YES;
				CLANG_WARN_DEPRECATED_OBJC_IMPLEMENTATIONS = YES;
				CLANG_WARN_DIRECT_OBJC_ISA_USAGE = YES_ERROR;
				CLANG_WARN_DOCUMENTATION_COMMENTS = YES;
				CLANG_WARN_EMPTY_BODY = YES;
				CLANG_WARN_ENUM_CONVERSION = YES;
				CLANG_WARN_INFINITE_RECURSION = YES;
				CLANG_WARN_INT_CONVERSION = YES;
				CLANG_WARN_NON_LITERAL_NULL_CONVERSION = YES;
				CLANG_WARN_OBJC_IMPLICIT_RETAIN_SELF = YES;
				CLANG_WARN_OBJC_LITERAL_CONVERSION = YES;
				CLANG_WARN_OBJC_ROOT_CLASS = YES_ERROR;
				CLANG_WARN_QUOTED_INCLUDE_IN_FRAMEWORK_HEADER = YES;
				CLANG_WARN_RANGE_LOOP_ANALYSIS = YES;
				CLANG_WARN_STRICT_PROTOTYPES = YES;
				CLANG_WARN_SUSPICIOUS_MOVE = YES;
				CLANG_WARN_UNGUARDED_AVAILABILITY = YES_AGGRESSIVE;
				CLANG_WARN_UNREACHABLE_CODE = YES;
				CLANG_WARN__DUPLICATE_METHOD_MATCH = YES;
				COPY_PHASE_STRIP = NO;
				DEBUG_INFORMATION_FORMAT = dwarf;
				ENABLE_STRICT_OBJC_MSGSEND = YES;
				ENABLE_TESTABILITY = YES;
				GCC_C_LANGUAGE_STANDARD = gnu11;
				GCC_DYNAMIC_NO_PIC = NO;
				GCC_NO_COMMON_BLOCKS = YES;
				GCC_OPTIMIZATION_LEVEL = 0;
				GCC_PREPROCESSOR_DEFINITIONS = (
					"DEBUG=1",
					"$(inherited)",
				);
				GCC_WARN_64_TO_32_BIT_CONVERSION = YES;
				GCC_WARN_ABOUT_RETURN_TYPE = YES_ERROR;
				GCC_WARN_UNDECLARED_SELECTOR = YES;
				GCC_WARN_UNINITIALIZED_AUTOS = YES_AGGRESSIVE;
				GCC_WARN_UNUSED_FUNCTION = YES;
				GCC_WARN_UNUSED_VARIABLE = YES;
				IPHONEOS_DEPLOYMENT_TARGET = 16.4;
				MTL_ENABLE_DEBUG_INFO = INCLUDE_SOURCE;
				MTL_FAST_MATH = YES;
				ONLY_ACTIVE_ARCH = YES;
				SDKROOT = iphoneos;
				SWIFT_ACTIVE_COMPILATION_CONDITIONS = DEBUG;
				SWIFT_OPTIMIZATION_LEVEL = "-Onone";
			};
			name = Debug;
		};
		833AC3382B085B9B00015224 /* Release */ = {
			isa = XCBuildConfiguration;
			buildSettings = {
				ALWAYS_SEARCH_USER_PATHS = NO;
				CLANG_ANALYZER_NONNULL = YES;
				CLANG_ANALYZER_NUMBER_OBJECT_CONVERSION = YES_AGGRESSIVE;
				CLANG_CXX_LANGUAGE_STANDARD = "gnu++20";
				CLANG_ENABLE_MODULES = YES;
				CLANG_ENABLE_OBJC_ARC = YES;
				CLANG_ENABLE_OBJC_WEAK = YES;
				CLANG_WARN_BLOCK_CAPTURE_AUTORELEASING = YES;
				CLANG_WARN_BOOL_CONVERSION = YES;
				CLANG_WARN_COMMA = YES;
				CLANG_WARN_CONSTANT_CONVERSION = YES;
				CLANG_WARN_DEPRECATED_OBJC_IMPLEMENTATIONS = YES;
				CLANG_WARN_DIRECT_OBJC_ISA_USAGE = YES_ERROR;
				CLANG_WARN_DOCUMENTATION_COMMENTS = YES;
				CLANG_WARN_EMPTY_BODY = YES;
				CLANG_WARN_ENUM_CONVERSION = YES;
				CLANG_WARN_INFINITE_RECURSION = YES;
				CLANG_WARN_INT_CONVERSION = YES;
				CLANG_WARN_NON_LITERAL_NULL_CONVERSION = YES;
				CLANG_WARN_OBJC_IMPLICIT_RETAIN_SELF = YES;
				CLANG_WARN_OBJC_LITERAL_CONVERSION = YES;
				CLANG_WARN_OBJC_ROOT_CLASS = YES_ERROR;
				CLANG_WARN_QUOTED_INCLUDE_IN_FRAMEWORK_HEADER = YES;
				CLANG_WARN_RANGE_LOOP_ANALYSIS = YES;
				CLANG_WARN_STRICT_PROTOTYPES = YES;
				CLANG_WARN_SUSPICIOUS_MOVE = YES;
				CLANG_WARN_UNGUARDED_AVAILABILITY = YES_AGGRESSIVE;
				CLANG_WARN_UNREACHABLE_CODE = YES;
				CLANG_WARN__DUPLICATE_METHOD_MATCH = YES;
				COPY_PHASE_STRIP = NO;
				DEBUG_INFORMATION_FORMAT = "dwarf-with-dsym";
				ENABLE_NS_ASSERTIONS = NO;
				ENABLE_STRICT_OBJC_MSGSEND = YES;
				GCC_C_LANGUAGE_STANDARD = gnu11;
				GCC_NO_COMMON_BLOCKS = YES;
				GCC_WARN_64_TO_32_BIT_CONVERSION = YES;
				GCC_WARN_ABOUT_RETURN_TYPE = YES_ERROR;
				GCC_WARN_UNDECLARED_SELECTOR = YES;
				GCC_WARN_UNINITIALIZED_AUTOS = YES_AGGRESSIVE;
				GCC_WARN_UNUSED_FUNCTION = YES;
				GCC_WARN_UNUSED_VARIABLE = YES;
				IPHONEOS_DEPLOYMENT_TARGET = 16.4;
				MTL_ENABLE_DEBUG_INFO = NO;
				MTL_FAST_MATH = YES;
				SDKROOT = iphoneos;
				SWIFT_COMPILATION_MODE = wholemodule;
				SWIFT_OPTIMIZATION_LEVEL = "-O";
				VALIDATE_PRODUCT = YES;
			};
			name = Release;
		};
		833AC33A2B085B9B00015224 /* Debug */ = {
			isa = XCBuildConfiguration;
			buildSettings = {
				ASSETCATALOG_COMPILER_APPICON_NAME = AppIcon;
				ASSETCATALOG_COMPILER_GLOBAL_ACCENT_COLOR_NAME = AccentColor;
				CODE_SIGN_STYLE = Automatic;
				CURRENT_PROJECT_VERSION = 1;
				DEVELOPMENT_ASSET_PATHS = "\"AirBnbClone/Preview Content\"";
				DEVELOPMENT_TEAM = VF9Z9M3349;
				ENABLE_PREVIEWS = YES;
				GENERATE_INFOPLIST_FILE = YES;
				INFOPLIST_KEY_UIApplicationSceneManifest_Generation = YES;
				INFOPLIST_KEY_UIApplicationSupportsIndirectInputEvents = YES;
				INFOPLIST_KEY_UILaunchScreen_Generation = YES;
				INFOPLIST_KEY_UISupportedInterfaceOrientations_iPad = "UIInterfaceOrientationPortrait UIInterfaceOrientationPortraitUpsideDown UIInterfaceOrientationLandscapeLeft UIInterfaceOrientationLandscapeRight";
				INFOPLIST_KEY_UISupportedInterfaceOrientations_iPhone = "UIInterfaceOrientationPortrait UIInterfaceOrientationLandscapeLeft UIInterfaceOrientationLandscapeRight";
				LD_RUNPATH_SEARCH_PATHS = (
					"$(inherited)",
					"@executable_path/Frameworks",
				);
				MARKETING_VERSION = 1.0;
				PRODUCT_BUNDLE_IDENTIFIER = com.modamorioluwayomi.AirBnbClone;
				PRODUCT_NAME = "$(TARGET_NAME)";
				SWIFT_EMIT_LOC_STRINGS = YES;
				SWIFT_VERSION = 5.0;
				TARGETED_DEVICE_FAMILY = "1,2";
			};
			name = Debug;
		};
		833AC33B2B085B9B00015224 /* Release */ = {
			isa = XCBuildConfiguration;
			buildSettings = {
				ASSETCATALOG_COMPILER_APPICON_NAME = AppIcon;
				ASSETCATALOG_COMPILER_GLOBAL_ACCENT_COLOR_NAME = AccentColor;
				CODE_SIGN_STYLE = Automatic;
				CURRENT_PROJECT_VERSION = 1;
				DEVELOPMENT_ASSET_PATHS = "\"AirBnbClone/Preview Content\"";
				DEVELOPMENT_TEAM = VF9Z9M3349;
				ENABLE_PREVIEWS = YES;
				GENERATE_INFOPLIST_FILE = YES;
				INFOPLIST_KEY_UIApplicationSceneManifest_Generation = YES;
				INFOPLIST_KEY_UIApplicationSupportsIndirectInputEvents = YES;
				INFOPLIST_KEY_UILaunchScreen_Generation = YES;
				INFOPLIST_KEY_UISupportedInterfaceOrientations_iPad = "UIInterfaceOrientationPortrait UIInterfaceOrientationPortraitUpsideDown UIInterfaceOrientationLandscapeLeft UIInterfaceOrientationLandscapeRight";
				INFOPLIST_KEY_UISupportedInterfaceOrientations_iPhone = "UIInterfaceOrientationPortrait UIInterfaceOrientationLandscapeLeft UIInterfaceOrientationLandscapeRight";
				LD_RUNPATH_SEARCH_PATHS = (
					"$(inherited)",
					"@executable_path/Frameworks",
				);
				MARKETING_VERSION = 1.0;
				PRODUCT_BUNDLE_IDENTIFIER = com.modamorioluwayomi.AirBnbClone;
				PRODUCT_NAME = "$(TARGET_NAME)";
				SWIFT_EMIT_LOC_STRINGS = YES;
				SWIFT_VERSION = 5.0;
				TARGETED_DEVICE_FAMILY = "1,2";
			};
			name = Release;
		};
/* End XCBuildConfiguration section */

/* Begin XCConfigurationList section */
		833AC3262B085B9900015224 /* Build configuration list for PBXProject "AirBnbClone" */ = {
			isa = XCConfigurationList;
			buildConfigurations = (
				833AC3372B085B9B00015224 /* Debug */,
				833AC3382B085B9B00015224 /* Release */,
			);
			defaultConfigurationIsVisible = 0;
			defaultConfigurationName = Release;
		};
		833AC3392B085B9B00015224 /* Build configuration list for PBXNativeTarget "AirBnbClone" */ = {
			isa = XCConfigurationList;
			buildConfigurations = (
				833AC33A2B085B9B00015224 /* Debug */,
				833AC33B2B085B9B00015224 /* Release */,
			);
			defaultConfigurationIsVisible = 0;
			defaultConfigurationName = Release;
		};
/* End XCConfigurationList section */
	};
	rootObject = 833AC3232B085B9900015224 /* Project object */;
}
